
Microsoft Visual Studio Solution File, Format Version 12.00
# Visual Studio Version 17
VisualStudioVersion = 17.7.34221.43
MinimumVisualStudioVersion = 10.0.40219.1
Project("{FAE04EC0-301F-11D3-BF4B-00C04F79EFBC}") = "ejercicio_Presupuesto_hostital", "ejercicio_Presupuesto_hostital\ejercicio_Presupuesto_hostital.csproj", "{87533715-00F6-4C78-BA82-3D5B119D0076}"
EndProject
Global
	GlobalSection(SolutionConfigurationPlatforms) = preSolution
		Debug|Any CPU = Debug|Any CPU
		Release|Any CPU = Release|Any CPU
	EndGlobalSection
	GlobalSection(ProjectConfigurationPlatforms) = postSolution
		{87533715-00F6-4C78-BA82-3D5B119D0076}.Debug|Any CPU.ActiveCfg = Debug|Any CPU
		{87533715-00F6-4C78-BA82-3D5B119D0076}.Debug|Any CPU.Build.0 = Debug|Any CPU
		{87533715-00F6-4C78-BA82-3D5B119D0076}.Release|Any CPU.ActiveCfg = Release|Any CPU
		{87533715-00F6-4C78-BA82-3D5B119D0076}.Release|Any CPU.Build.0 = Release|Any CPU
	EndGlobalSection
	GlobalSection(SolutionProperties) = preSolution
		HideSolutionNode = FALSE
	EndGlobalSection
	GlobalSection(ExtensibilityGlobals) = postSolution
		SolutionGuid = {F50C3609-A4FC-4515-9BFC-7830F6BA1DC7}
	EndGlobalSection
EndGlobal
